// !$*UTF8*$!
{
	archiveVersion = 1;
	classes = {
	};
	objectVersion = 48;
	objects = {

/* Begin PBXBuildFile section */
		0636E5DF20037E4D005E9282 /* AppDelegate.swift in Sources */ = {isa = PBXBuildFile; fileRef = 0636E5DE20037E4D005E9282 /* AppDelegate.swift */; };
		0636E5E820037E4D005E9282 /* Main.storyboard in Resources */ = {isa = PBXBuildFile; fileRef = 0636E5E620037E4D005E9282 /* Main.storyboard */; };
		0636E5EA20037E4D005E9282 /* Assets.xcassets in Resources */ = {isa = PBXBuildFile; fileRef = 0636E5E920037E4D005E9282 /* Assets.xcassets */; };
		0636E5ED20037E4D005E9282 /* LaunchScreen.storyboard in Resources */ = {isa = PBXBuildFile; fileRef = 0636E5EB20037E4D005E9282 /* LaunchScreen.storyboard */; };
		0636E5F820037E4E005E9282 /* YourWorkoutTests.swift in Sources */ = {isa = PBXBuildFile; fileRef = 0636E5F720037E4E005E9282 /* YourWorkoutTests.swift */; };
		0636E60320037E4E005E9282 /* YourWorkoutUITests.swift in Sources */ = {isa = PBXBuildFile; fileRef = 0636E60220037E4E005E9282 /* YourWorkoutUITests.swift */; };
		06517A47200BD6BF00CA098A /* LoginVC.swift in Sources */ = {isa = PBXBuildFile; fileRef = 06517A46200BD6BF00CA098A /* LoginVC.swift */; };
		06517A4B200BD88600CA098A /* Keychain.swift in Sources */ = {isa = PBXBuildFile; fileRef = 06517A49200BD88500CA098A /* Keychain.swift */; };
		06517AA6200BEA7D00CA098A /* RegistrationVC.swift in Sources */ = {isa = PBXBuildFile; fileRef = 06517AA5200BEA7D00CA098A /* RegistrationVC.swift */; };
		06517AA8200BEF4200CA098A /* ViewController + hideKeyboard.swift in Sources */ = {isa = PBXBuildFile; fileRef = 06517AA7200BEF4100CA098A /* ViewController + hideKeyboard.swift */; };
		06517AAC200C8BF700CA098A /* FoodMenuTVC.swift in Sources */ = {isa = PBXBuildFile; fileRef = 06517AAB200C8BF700CA098A /* FoodMenuTVC.swift */; };
		06517AAE200CA8CE00CA098A /* FoodTodayVC.swift in Sources */ = {isa = PBXBuildFile; fileRef = 06517AAD200CA8CE00CA098A /* FoodTodayVC.swift */; };
		06517AB0200CAA3A00CA098A /* FoodMealModel.swift in Sources */ = {isa = PBXBuildFile; fileRef = 06517AAF200CAA3A00CA098A /* FoodMealModel.swift */; };
		06517AB9200CBB2A00CA098A /* MyMDCFloatingButton.swift in Sources */ = {isa = PBXBuildFile; fileRef = 06517AB8200CBB2A00CA098A /* MyMDCFloatingButton.swift */; };
		06517ABC200DDCD900CA098A /* Network.swift in Sources */ = {isa = PBXBuildFile; fileRef = 06517ABB200DDCD900CA098A /* Network.swift */; };
		0668D35D2030B6560036256A /* WorkoutTodayVC.swift in Sources */ = {isa = PBXBuildFile; fileRef = 0668D35C2030B6560036256A /* WorkoutTodayVC.swift */; };
		0668D3602030B6680036256A /* WorkoutModel.swift in Sources */ = {isa = PBXBuildFile; fileRef = 0668D35F2030B6680036256A /* WorkoutModel.swift */; };
		0668D3652030C9E80036256A /* TodayWorkoutManager.swift in Sources */ = {isa = PBXBuildFile; fileRef = 0668D3642030C9E80036256A /* TodayWorkoutManager.swift */; };
		0668D3672030D0900036256A /* SearchExercisesVC.swift in Sources */ = {isa = PBXBuildFile; fileRef = 0668D3662030D0900036256A /* SearchExercisesVC.swift */; };
		068BF392200E0E7A006EBBAB /* JournalVC.swift in Sources */ = {isa = PBXBuildFile; fileRef = 068BF391200E0E7A006EBBAB /* JournalVC.swift */; };
		0690BE71200E448300B70259 /* SearchBar + UIColore.swift in Sources */ = {isa = PBXBuildFile; fileRef = 0690BE70200E448300B70259 /* SearchBar + UIColore.swift */; };
		06917D792003879900C1F624 /* FoodModel.swift in Sources */ = {isa = PBXBuildFile; fileRef = 06917D782003879900C1F624 /* FoodModel.swift */; };
		06917D7B20039A6300C1F624 /* FoodListModel.swift in Sources */ = {isa = PBXBuildFile; fileRef = 06917D7A20039A6300C1F624 /* FoodListModel.swift */; };
		06B3BDE72003F60000AD5B49 /* FoodItemCell.swift in Sources */ = {isa = PBXBuildFile; fileRef = 06B3BDE52003F60000AD5B49 /* FoodItemCell.swift */; };
		06B3BDE82003F60000AD5B49 /* FoodItemCell.xib in Resources */ = {isa = PBXBuildFile; fileRef = 06B3BDE62003F60000AD5B49 /* FoodItemCell.xib */; };
		06B3BDEC2004000D00AD5B49 /* ExpandedFoodCell.swift in Sources */ = {isa = PBXBuildFile; fileRef = 06B3BDEA2004000D00AD5B49 /* ExpandedFoodCell.swift */; };
		06B3BDED2004000D00AD5B49 /* ExpandedFoodCell.xib in Resources */ = {isa = PBXBuildFile; fileRef = 06B3BDEB2004000D00AD5B49 /* ExpandedFoodCell.xib */; };
		06C0FCC12042B6E8002022DC /* ExerciseCell.swift in Sources */ = {isa = PBXBuildFile; fileRef = 06C0FCBF2042B6E8002022DC /* ExerciseCell.swift */; };
		06C0FCC22042B6E8002022DC /* ExerciseCell.xib in Resources */ = {isa = PBXBuildFile; fileRef = 06C0FCC02042B6E8002022DC /* ExerciseCell.xib */; };
		06C0FCC42042BD09002022DC /* JSONSerializer.swift in Sources */ = {isa = PBXBuildFile; fileRef = 06C0FCC32042BD09002022DC /* JSONSerializer.swift */; };
		06F00CA82042A72700DC23B0 /* SearchExCell.swift in Sources */ = {isa = PBXBuildFile; fileRef = 06F00CA62042A72700DC23B0 /* SearchExCell.swift */; };
		06F00CA92042A72700DC23B0 /* SearchExCell.xib in Resources */ = {isa = PBXBuildFile; fileRef = 06F00CA72042A72700DC23B0 /* SearchExCell.xib */; };
		0E11E9ADD2D57D1570CBE8CC /* Pods_YourWorkout.framework in Frameworks */ = {isa = PBXBuildFile; fileRef = 3FFD4313F8A8B38F08246A85 /* Pods_YourWorkout.framework */; };
		65FF2DBA1386D83F500C5906 /* Pods_YourWorkoutTests.framework in Frameworks */ = {isa = PBXBuildFile; fileRef = 802B52A4CCC937F1BDA03EE4 /* Pods_YourWorkoutTests.framework */; };
		74EF98393941B8A1FEEAFD90 /* Pods_YourWorkoutUITests.framework in Frameworks */ = {isa = PBXBuildFile; fileRef = 562AFD5BCC8F0114693CD4A5 /* Pods_YourWorkoutUITests.framework */; };
		CE0248C5202B4CDE00849AE7 /* MenuItemCell.swift in Sources */ = {isa = PBXBuildFile; fileRef = CE0248C3202B4CDE00849AE7 /* MenuItemCell.swift */; };
		CE0248C6202B4CDE00849AE7 /* MenuItemCell.xib in Resources */ = {isa = PBXBuildFile; fileRef = CE0248C4202B4CDE00849AE7 /* MenuItemCell.xib */; };
		CE04B9EE2004A907004EABE2 /* ExpandedDetailsCell.swift in Sources */ = {isa = PBXBuildFile; fileRef = CE04B9EC2004A907004EABE2 /* ExpandedDetailsCell.swift */; };
		CE04B9EF2004A908004EABE2 /* ExpandedDetailsCell.xib in Resources */ = {isa = PBXBuildFile; fileRef = CE04B9ED2004A907004EABE2 /* ExpandedDetailsCell.xib */; };
		CE04B9F32004B085004EABE2 /* ExpandableCellForFood.swift in Sources */ = {isa = PBXBuildFile; fileRef = CE04B9F12004B085004EABE2 /* ExpandableCellForFood.swift */; };
		CE04B9F42004B085004EABE2 /* ExpandableCellForFood.xib in Resources */ = {isa = PBXBuildFile; fileRef = CE04B9F22004B085004EABE2 /* ExpandableCellForFood.xib */; };
		CE165A592010930F005B56C2 /* UIImage +CircleCrop.swift in Sources */ = {isa = PBXBuildFile; fileRef = CE165A582010930F005B56C2 /* UIImage +CircleCrop.swift */; };
		CE1C0F662006152600AE430A /* UIColor + hex.swift in Sources */ = {isa = PBXBuildFile; fileRef = CE1C0F652006152600AE430A /* UIColor + hex.swift */; };
		CE1C0F682006155500AE430A /* UIView + rotate.swift in Sources */ = {isa = PBXBuildFile; fileRef = CE1C0F672006155500AE430A /* UIView + rotate.swift */; };
		CE1C0F6C2006161000AE430A /* SearchFoodVC.swift in Sources */ = {isa = PBXBuildFile; fileRef = CE1C0F6B2006161000AE430A /* SearchFoodVC.swift */; };
		CE1C0F6E2006292700AE430A /* CustomCell.swift in Sources */ = {isa = PBXBuildFile; fileRef = CE1C0F6D2006292700AE430A /* CustomCell.swift */; };
		CE24ECC22020B3A200318194 /* TodayVC.swift in Sources */ = {isa = PBXBuildFile; fileRef = CE24ECC12020B3A200318194 /* TodayVC.swift */; };
		CE24ECC42020B5C500318194 /* DailyFoodSingleton.swift in Sources */ = {isa = PBXBuildFile; fileRef = CE24ECC32020B5C500318194 /* DailyFoodSingleton.swift */; };
		CE24ECC62020B70A00318194 /* UserModel.swift in Sources */ = {isa = PBXBuildFile; fileRef = CE24ECC52020B70A00318194 /* UserModel.swift */; };
		CE24ECC92020B7C000318194 /* HealthKitHelper.swift in Sources */ = {isa = PBXBuildFile; fileRef = CE24ECC82020B7C000318194 /* HealthKitHelper.swift */; };
		CE24ECCB2021BF2F00318194 /* ActivityIndicator.swift in Sources */ = {isa = PBXBuildFile; fileRef = CE24ECCA2021BF2F00318194 /* ActivityIndicator.swift */; };
		CE617A71202DEEF700AB328A /* AlertHelper.swift in Sources */ = {isa = PBXBuildFile; fileRef = CE617A70202DEEF700AB328A /* AlertHelper.swift */; };
		CE7885E02017594B0026A640 /* MyMDCRaisedButton.swift in Sources */ = {isa = PBXBuildFile; fileRef = CE7885DF2017594B0026A640 /* MyMDCRaisedButton.swift */; };
		CE8470C9200F329900CB7D57 /* Colors.swift in Sources */ = {isa = PBXBuildFile; fileRef = CE8470C8200F329900CB7D57 /* Colors.swift */; };
		CE8470CC200F4A0900CB7D57 /* TodayHeaderCell.swift in Sources */ = {isa = PBXBuildFile; fileRef = CE8470CA200F4A0900CB7D57 /* TodayHeaderCell.swift */; };
		CE8470CD200F4A0900CB7D57 /* TodayHeaderCell.xib in Resources */ = {isa = PBXBuildFile; fileRef = CE8470CB200F4A0900CB7D57 /* TodayHeaderCell.xib */; };
		CE93780E202ADCD6008B2BFD /* UINavigationBar+Gradient.swift in Sources */ = {isa = PBXBuildFile; fileRef = CE93780D202ADCD6008B2BFD /* UINavigationBar+Gradient.swift */; };
		CEA03E7A201F279A002F4DD5 /* MyButton.swift in Sources */ = {isa = PBXBuildFile; fileRef = CEA03E79201F279A002F4DD5 /* MyButton.swift */; };
		CEA03E7C201F3869002F4DD5 /* UIButton + setBackgroundColor.swift in Sources */ = {isa = PBXBuildFile; fileRef = CEA03E7B201F3869002F4DD5 /* UIButton + setBackgroundColor.swift */; };
		CEA03E7E201F4A7F002F4DD5 /* HealthKit.framework in Frameworks */ = {isa = PBXBuildFile; fileRef = CEA03E7D201F4A7F002F4DD5 /* HealthKit.framework */; };
		CEA03E81201F4C37002F4DD5 /* HealthKitSeupAssistant.swift in Sources */ = {isa = PBXBuildFile; fileRef = CEA03E80201F4C37002F4DD5 /* HealthKitSeupAssistant.swift */; };
		CEA03E83201F60B9002F4DD5 /* StatisticsVC.swift in Sources */ = {isa = PBXBuildFile; fileRef = CEA03E82201F60B9002F4DD5 /* StatisticsVC.swift */; };
		CEA640132018D36A00EC2F2E /* ProfileVC.swift in Sources */ = {isa = PBXBuildFile; fileRef = CEA640122018D36A00EC2F2E /* ProfileVC.swift */; };
		CEA64EDC20077A9B0002A87E /* FoodDetailsVC.swift in Sources */ = {isa = PBXBuildFile; fileRef = CEA64EDB20077A9B0002A87E /* FoodDetailsVC.swift */; };
		CEB555B920298EC8004B7BC9 /* GradientView.swift in Sources */ = {isa = PBXBuildFile; fileRef = CEB555B820298EC8004B7BC9 /* GradientView.swift */; };
		CEB555BB2029A25E004B7BC9 /* UIView + Blur.swift in Sources */ = {isa = PBXBuildFile; fileRef = CEB555BA2029A25E004B7BC9 /* UIView + Blur.swift */; };
		CED6B0652021D00900FD37CE /* NetworkManager.swift in Sources */ = {isa = PBXBuildFile; fileRef = CED6B0642021D00900FD37CE /* NetworkManager.swift */; };
/* End PBXBuildFile section */

/* Begin PBXContainerItemProxy section */
		0636E5F420037E4E005E9282 /* PBXContainerItemProxy */ = {
			isa = PBXContainerItemProxy;
			containerPortal = 0636E5D320037E4D005E9282 /* Project object */;
			proxyType = 1;
			remoteGlobalIDString = 0636E5DA20037E4D005E9282;
			remoteInfo = YourWorkout;
		};
		0636E5FF20037E4E005E9282 /* PBXContainerItemProxy */ = {
			isa = PBXContainerItemProxy;
			containerPortal = 0636E5D320037E4D005E9282 /* Project object */;
			proxyType = 1;
			remoteGlobalIDString = 0636E5DA20037E4D005E9282;
			remoteInfo = YourWorkout;
		};
/* End PBXContainerItemProxy section */

/* Begin PBXFileReference section */
		0636E5DB20037E4D005E9282 /* YourWorkout.app */ = {isa = PBXFileReference; explicitFileType = wrapper.application; includeInIndex = 0; path = YourWorkout.app; sourceTree = BUILT_PRODUCTS_DIR; };
		0636E5DE20037E4D005E9282 /* AppDelegate.swift */ = {isa = PBXFileReference; lastKnownFileType = sourcecode.swift; path = AppDelegate.swift; sourceTree = "<group>"; };
		0636E5E720037E4D005E9282 /* Base */ = {isa = PBXFileReference; lastKnownFileType = file.storyboard; name = Base; path = Base.lproj/Main.storyboard; sourceTree = "<group>"; };
		0636E5E920037E4D005E9282 /* Assets.xcassets */ = {isa = PBXFileReference; lastKnownFileType = folder.assetcatalog; path = Assets.xcassets; sourceTree = "<group>"; };
		0636E5EC20037E4D005E9282 /* Base */ = {isa = PBXFileReference; lastKnownFileType = file.storyboard; name = Base; path = Base.lproj/LaunchScreen.storyboard; sourceTree = "<group>"; };
		0636E5EE20037E4D005E9282 /* Info.plist */ = {isa = PBXFileReference; lastKnownFileType = text.plist.xml; path = Info.plist; sourceTree = "<group>"; };
		0636E5F320037E4E005E9282 /* YourWorkoutTests.xctest */ = {isa = PBXFileReference; explicitFileType = wrapper.cfbundle; includeInIndex = 0; path = YourWorkoutTests.xctest; sourceTree = BUILT_PRODUCTS_DIR; };
		0636E5F720037E4E005E9282 /* YourWorkoutTests.swift */ = {isa = PBXFileReference; lastKnownFileType = sourcecode.swift; path = YourWorkoutTests.swift; sourceTree = "<group>"; };
		0636E5F920037E4E005E9282 /* Info.plist */ = {isa = PBXFileReference; lastKnownFileType = text.plist.xml; path = Info.plist; sourceTree = "<group>"; };
		0636E5FE20037E4E005E9282 /* YourWorkoutUITests.xctest */ = {isa = PBXFileReference; explicitFileType = wrapper.cfbundle; includeInIndex = 0; path = YourWorkoutUITests.xctest; sourceTree = BUILT_PRODUCTS_DIR; };
		0636E60220037E4E005E9282 /* YourWorkoutUITests.swift */ = {isa = PBXFileReference; lastKnownFileType = sourcecode.swift; path = YourWorkoutUITests.swift; sourceTree = "<group>"; };
		0636E60420037E4E005E9282 /* Info.plist */ = {isa = PBXFileReference; lastKnownFileType = text.plist.xml; path = Info.plist; sourceTree = "<group>"; };
		06517A46200BD6BF00CA098A /* LoginVC.swift */ = {isa = PBXFileReference; lastKnownFileType = sourcecode.swift; path = LoginVC.swift; sourceTree = "<group>"; };
		06517A49200BD88500CA098A /* Keychain.swift */ = {isa = PBXFileReference; fileEncoding = 4; lastKnownFileType = sourcecode.swift; path = Keychain.swift; sourceTree = "<group>"; };
		06517AA5200BEA7D00CA098A /* RegistrationVC.swift */ = {isa = PBXFileReference; lastKnownFileType = sourcecode.swift; path = RegistrationVC.swift; sourceTree = "<group>"; };
		06517AA7200BEF4100CA098A /* ViewController + hideKeyboard.swift */ = {isa = PBXFileReference; lastKnownFileType = sourcecode.swift; path = "ViewController + hideKeyboard.swift"; sourceTree = "<group>"; };
		06517AAB200C8BF700CA098A /* FoodMenuTVC.swift */ = {isa = PBXFileReference; lastKnownFileType = sourcecode.swift; path = FoodMenuTVC.swift; sourceTree = "<group>"; };
		06517AAD200CA8CE00CA098A /* FoodTodayVC.swift */ = {isa = PBXFileReference; lastKnownFileType = sourcecode.swift; path = FoodTodayVC.swift; sourceTree = "<group>"; };
		06517AAF200CAA3A00CA098A /* FoodMealModel.swift */ = {isa = PBXFileReference; lastKnownFileType = sourcecode.swift; path = FoodMealModel.swift; sourceTree = "<group>"; };
		06517AB8200CBB2A00CA098A /* MyMDCFloatingButton.swift */ = {isa = PBXFileReference; lastKnownFileType = sourcecode.swift; path = MyMDCFloatingButton.swift; sourceTree = "<group>"; };
		06517ABB200DDCD900CA098A /* Network.swift */ = {isa = PBXFileReference; lastKnownFileType = sourcecode.swift; path = Network.swift; sourceTree = "<group>"; };
		0668D35C2030B6560036256A /* WorkoutTodayVC.swift */ = {isa = PBXFileReference; lastKnownFileType = sourcecode.swift; path = WorkoutTodayVC.swift; sourceTree = "<group>"; };
		0668D35F2030B6680036256A /* WorkoutModel.swift */ = {isa = PBXFileReference; lastKnownFileType = sourcecode.swift; path = WorkoutModel.swift; sourceTree = "<group>"; };
		0668D3642030C9E80036256A /* TodayWorkoutManager.swift */ = {isa = PBXFileReference; lastKnownFileType = sourcecode.swift; path = TodayWorkoutManager.swift; sourceTree = "<group>"; };
		0668D3662030D0900036256A /* SearchExercisesVC.swift */ = {isa = PBXFileReference; lastKnownFileType = sourcecode.swift; path = SearchExercisesVC.swift; sourceTree = "<group>"; };
		068BF391200E0E7A006EBBAB /* JournalVC.swift */ = {isa = PBXFileReference; lastKnownFileType = sourcecode.swift; path = JournalVC.swift; sourceTree = "<group>"; };
		0690BE70200E448300B70259 /* SearchBar + UIColore.swift */ = {isa = PBXFileReference; lastKnownFileType = sourcecode.swift; path = "SearchBar + UIColore.swift"; sourceTree = "<group>"; };
		06917D782003879900C1F624 /* FoodModel.swift */ = {isa = PBXFileReference; lastKnownFileType = sourcecode.swift; path = FoodModel.swift; sourceTree = "<group>"; };
		06917D7A20039A6300C1F624 /* FoodListModel.swift */ = {isa = PBXFileReference; lastKnownFileType = sourcecode.swift; path = FoodListModel.swift; sourceTree = "<group>"; };
		06B3BDE52003F60000AD5B49 /* FoodItemCell.swift */ = {isa = PBXFileReference; lastKnownFileType = sourcecode.swift; path = FoodItemCell.swift; sourceTree = "<group>"; };
		06B3BDE62003F60000AD5B49 /* FoodItemCell.xib */ = {isa = PBXFileReference; lastKnownFileType = file.xib; path = FoodItemCell.xib; sourceTree = "<group>"; };
		06B3BDEA2004000D00AD5B49 /* ExpandedFoodCell.swift */ = {isa = PBXFileReference; lastKnownFileType = sourcecode.swift; path = ExpandedFoodCell.swift; sourceTree = "<group>"; };
		06B3BDEB2004000D00AD5B49 /* ExpandedFoodCell.xib */ = {isa = PBXFileReference; lastKnownFileType = file.xib; path = ExpandedFoodCell.xib; sourceTree = "<group>"; };
		06C0FCBF2042B6E8002022DC /* ExerciseCell.swift */ = {isa = PBXFileReference; lastKnownFileType = sourcecode.swift; path = ExerciseCell.swift; sourceTree = "<group>"; };
		06C0FCC02042B6E8002022DC /* ExerciseCell.xib */ = {isa = PBXFileReference; lastKnownFileType = file.xib; path = ExerciseCell.xib; sourceTree = "<group>"; };
		06C0FCC32042BD09002022DC /* JSONSerializer.swift */ = {isa = PBXFileReference; lastKnownFileType = sourcecode.swift; path = JSONSerializer.swift; sourceTree = "<group>"; };
		06F00CA62042A72700DC23B0 /* SearchExCell.swift */ = {isa = PBXFileReference; lastKnownFileType = sourcecode.swift; path = SearchExCell.swift; sourceTree = "<group>"; };
		06F00CA72042A72700DC23B0 /* SearchExCell.xib */ = {isa = PBXFileReference; lastKnownFileType = file.xib; path = SearchExCell.xib; sourceTree = "<group>"; };
		06FA78A772DA9E2FA32D7221 /* Pods-YourWorkoutUITests.release.xcconfig */ = {isa = PBXFileReference; includeInIndex = 1; lastKnownFileType = text.xcconfig; name = "Pods-YourWorkoutUITests.release.xcconfig"; path = "Pods/Target Support Files/Pods-YourWorkoutUITests/Pods-YourWorkoutUITests.release.xcconfig"; sourceTree = "<group>"; };
		3447CD47CCA7182E60A971B6 /* Pods-YourWorkout.release.xcconfig */ = {isa = PBXFileReference; includeInIndex = 1; lastKnownFileType = text.xcconfig; name = "Pods-YourWorkout.release.xcconfig"; path = "Pods/Target Support Files/Pods-YourWorkout/Pods-YourWorkout.release.xcconfig"; sourceTree = "<group>"; };
		3FFD4313F8A8B38F08246A85 /* Pods_YourWorkout.framework */ = {isa = PBXFileReference; explicitFileType = wrapper.framework; includeInIndex = 0; path = Pods_YourWorkout.framework; sourceTree = BUILT_PRODUCTS_DIR; };
		562AFD5BCC8F0114693CD4A5 /* Pods_YourWorkoutUITests.framework */ = {isa = PBXFileReference; explicitFileType = wrapper.framework; includeInIndex = 0; path = Pods_YourWorkoutUITests.framework; sourceTree = BUILT_PRODUCTS_DIR; };
		68E3C4CB7BD1B9EE31F424A9 /* Pods-YourWorkout.debug.xcconfig */ = {isa = PBXFileReference; includeInIndex = 1; lastKnownFileType = text.xcconfig; name = "Pods-YourWorkout.debug.xcconfig"; path = "Pods/Target Support Files/Pods-YourWorkout/Pods-YourWorkout.debug.xcconfig"; sourceTree = "<group>"; };
		802B52A4CCC937F1BDA03EE4 /* Pods_YourWorkoutTests.framework */ = {isa = PBXFileReference; explicitFileType = wrapper.framework; includeInIndex = 0; path = Pods_YourWorkoutTests.framework; sourceTree = BUILT_PRODUCTS_DIR; };
		82AD7DD7C8A0C81F43A7486B /* Pods-YourWorkoutUITests.debug.xcconfig */ = {isa = PBXFileReference; includeInIndex = 1; lastKnownFileType = text.xcconfig; name = "Pods-YourWorkoutUITests.debug.xcconfig"; path = "Pods/Target Support Files/Pods-YourWorkoutUITests/Pods-YourWorkoutUITests.debug.xcconfig"; sourceTree = "<group>"; };
		937950208CE6F9F2CAF10418 /* Pods-YourWorkoutTests.debug.xcconfig */ = {isa = PBXFileReference; includeInIndex = 1; lastKnownFileType = text.xcconfig; name = "Pods-YourWorkoutTests.debug.xcconfig"; path = "Pods/Target Support Files/Pods-YourWorkoutTests/Pods-YourWorkoutTests.debug.xcconfig"; sourceTree = "<group>"; };
		A1EC514A0597A50111B36FDF /* Pods-YourWorkoutTests.release.xcconfig */ = {isa = PBXFileReference; includeInIndex = 1; lastKnownFileType = text.xcconfig; name = "Pods-YourWorkoutTests.release.xcconfig"; path = "Pods/Target Support Files/Pods-YourWorkoutTests/Pods-YourWorkoutTests.release.xcconfig"; sourceTree = "<group>"; };
		CE0248C3202B4CDE00849AE7 /* MenuItemCell.swift */ = {isa = PBXFileReference; lastKnownFileType = sourcecode.swift; path = MenuItemCell.swift; sourceTree = "<group>"; };
		CE0248C4202B4CDE00849AE7 /* MenuItemCell.xib */ = {isa = PBXFileReference; lastKnownFileType = file.xib; path = MenuItemCell.xib; sourceTree = "<group>"; };
		CE04B9EC2004A907004EABE2 /* ExpandedDetailsCell.swift */ = {isa = PBXFileReference; lastKnownFileType = sourcecode.swift; path = ExpandedDetailsCell.swift; sourceTree = "<group>"; };
		CE04B9ED2004A907004EABE2 /* ExpandedDetailsCell.xib */ = {isa = PBXFileReference; lastKnownFileType = file.xib; path = ExpandedDetailsCell.xib; sourceTree = "<group>"; };
		CE04B9F12004B085004EABE2 /* ExpandableCellForFood.swift */ = {isa = PBXFileReference; lastKnownFileType = sourcecode.swift; path = ExpandableCellForFood.swift; sourceTree = "<group>"; };
		CE04B9F22004B085004EABE2 /* ExpandableCellForFood.xib */ = {isa = PBXFileReference; lastKnownFileType = file.xib; path = ExpandableCellForFood.xib; sourceTree = "<group>"; };
		CE165A582010930F005B56C2 /* UIImage +CircleCrop.swift */ = {isa = PBXFileReference; lastKnownFileType = sourcecode.swift; path = "UIImage +CircleCrop.swift"; sourceTree = "<group>"; };
		CE1C0F652006152600AE430A /* UIColor + hex.swift */ = {isa = PBXFileReference; lastKnownFileType = sourcecode.swift; path = "UIColor + hex.swift"; sourceTree = "<group>"; };
		CE1C0F672006155500AE430A /* UIView + rotate.swift */ = {isa = PBXFileReference; lastKnownFileType = sourcecode.swift; path = "UIView + rotate.swift"; sourceTree = "<group>"; };
		CE1C0F6B2006161000AE430A /* SearchFoodVC.swift */ = {isa = PBXFileReference; lastKnownFileType = sourcecode.swift; path = SearchFoodVC.swift; sourceTree = "<group>"; };
		CE1C0F6D2006292700AE430A /* CustomCell.swift */ = {isa = PBXFileReference; lastKnownFileType = sourcecode.swift; path = CustomCell.swift; sourceTree = "<group>"; };
		CE24ECC12020B3A200318194 /* TodayVC.swift */ = {isa = PBXFileReference; lastKnownFileType = sourcecode.swift; path = TodayVC.swift; sourceTree = "<group>"; };
		CE24ECC32020B5C500318194 /* DailyFoodSingleton.swift */ = {isa = PBXFileReference; lastKnownFileType = sourcecode.swift; path = DailyFoodSingleton.swift; sourceTree = "<group>"; };
		CE24ECC52020B70A00318194 /* UserModel.swift */ = {isa = PBXFileReference; lastKnownFileType = sourcecode.swift; path = UserModel.swift; sourceTree = "<group>"; };
		CE24ECC82020B7C000318194 /* HealthKitHelper.swift */ = {isa = PBXFileReference; lastKnownFileType = sourcecode.swift; path = HealthKitHelper.swift; sourceTree = "<group>"; };
		CE24ECCA2021BF2F00318194 /* ActivityIndicator.swift */ = {isa = PBXFileReference; lastKnownFileType = sourcecode.swift; path = ActivityIndicator.swift; sourceTree = "<group>"; };
		CE617A70202DEEF700AB328A /* AlertHelper.swift */ = {isa = PBXFileReference; lastKnownFileType = sourcecode.swift; path = AlertHelper.swift; sourceTree = "<group>"; };
		CE7885DF2017594B0026A640 /* MyMDCRaisedButton.swift */ = {isa = PBXFileReference; lastKnownFileType = sourcecode.swift; path = MyMDCRaisedButton.swift; sourceTree = "<group>"; };
		CE8470C8200F329900CB7D57 /* Colors.swift */ = {isa = PBXFileReference; lastKnownFileType = sourcecode.swift; path = Colors.swift; sourceTree = "<group>"; };
		CE8470CA200F4A0900CB7D57 /* TodayHeaderCell.swift */ = {isa = PBXFileReference; lastKnownFileType = sourcecode.swift; path = TodayHeaderCell.swift; sourceTree = "<group>"; };
		CE8470CB200F4A0900CB7D57 /* TodayHeaderCell.xib */ = {isa = PBXFileReference; lastKnownFileType = file.xib; path = TodayHeaderCell.xib; sourceTree = "<group>"; };
		CE93780D202ADCD6008B2BFD /* UINavigationBar+Gradient.swift */ = {isa = PBXFileReference; lastKnownFileType = sourcecode.swift; path = "UINavigationBar+Gradient.swift"; sourceTree = "<group>"; };
		CEA03E79201F279A002F4DD5 /* MyButton.swift */ = {isa = PBXFileReference; lastKnownFileType = sourcecode.swift; path = MyButton.swift; sourceTree = "<group>"; };
		CEA03E7B201F3869002F4DD5 /* UIButton + setBackgroundColor.swift */ = {isa = PBXFileReference; lastKnownFileType = sourcecode.swift; path = "UIButton + setBackgroundColor.swift"; sourceTree = "<group>"; };
		CEA03E7D201F4A7F002F4DD5 /* HealthKit.framework */ = {isa = PBXFileReference; lastKnownFileType = wrapper.framework; name = HealthKit.framework; path = System/Library/Frameworks/HealthKit.framework; sourceTree = SDKROOT; };
		CEA03E7F201F4A7F002F4DD5 /* YourWorkout.entitlements */ = {isa = PBXFileReference; lastKnownFileType = text.plist.entitlements; path = YourWorkout.entitlements; sourceTree = "<group>"; };
		CEA03E80201F4C37002F4DD5 /* HealthKitSeupAssistant.swift */ = {isa = PBXFileReference; lastKnownFileType = sourcecode.swift; path = HealthKitSeupAssistant.swift; sourceTree = "<group>"; };
		CEA03E82201F60B9002F4DD5 /* StatisticsVC.swift */ = {isa = PBXFileReference; lastKnownFileType = sourcecode.swift; path = StatisticsVC.swift; sourceTree = "<group>"; };
		CEA640122018D36A00EC2F2E /* ProfileVC.swift */ = {isa = PBXFileReference; lastKnownFileType = sourcecode.swift; path = ProfileVC.swift; sourceTree = "<group>"; };
		CEA64EDB20077A9B0002A87E /* FoodDetailsVC.swift */ = {isa = PBXFileReference; lastKnownFileType = sourcecode.swift; path = FoodDetailsVC.swift; sourceTree = "<group>"; };
		CEB555B820298EC8004B7BC9 /* GradientView.swift */ = {isa = PBXFileReference; lastKnownFileType = sourcecode.swift; path = GradientView.swift; sourceTree = "<group>"; };
		CEB555BA2029A25E004B7BC9 /* UIView + Blur.swift */ = {isa = PBXFileReference; lastKnownFileType = sourcecode.swift; path = "UIView + Blur.swift"; sourceTree = "<group>"; };
		CED6B0642021D00900FD37CE /* NetworkManager.swift */ = {isa = PBXFileReference; lastKnownFileType = sourcecode.swift; path = NetworkManager.swift; sourceTree = "<group>"; };
/* End PBXFileReference section */

/* Begin PBXFrameworksBuildPhase section */
		0636E5D820037E4D005E9282 /* Frameworks */ = {
			isa = PBXFrameworksBuildPhase;
			buildActionMask = 2147483647;
			files = (
				0E11E9ADD2D57D1570CBE8CC /* Pods_YourWorkout.framework in Frameworks */,
				CEA03E7E201F4A7F002F4DD5 /* HealthKit.framework in Frameworks */,
			);
			runOnlyForDeploymentPostprocessing = 0;
		};
		0636E5F020037E4E005E9282 /* Frameworks */ = {
			isa = PBXFrameworksBuildPhase;
			buildActionMask = 2147483647;
			files = (
				65FF2DBA1386D83F500C5906 /* Pods_YourWorkoutTests.framework in Frameworks */,
			);
			runOnlyForDeploymentPostprocessing = 0;
		};
		0636E5FB20037E4E005E9282 /* Frameworks */ = {
			isa = PBXFrameworksBuildPhase;
			buildActionMask = 2147483647;
			files = (
				74EF98393941B8A1FEEAFD90 /* Pods_YourWorkoutUITests.framework in Frameworks */,
			);
			runOnlyForDeploymentPostprocessing = 0;
		};
/* End PBXFrameworksBuildPhase section */

/* Begin PBXGroup section */
		0636E5D220037E4D005E9282 = {
			isa = PBXGroup;
			children = (
				0636E5DD20037E4D005E9282 /* YourWorkout */,
				0636E5F620037E4E005E9282 /* YourWorkoutTests */,
				0636E60120037E4E005E9282 /* YourWorkoutUITests */,
				0636E5DC20037E4D005E9282 /* Products */,
				EAA7B82F793F0E8248A8C793 /* Pods */,
				A402BD39DB26A7B52166F6DB /* Frameworks */,
			);
			sourceTree = "<group>";
		};
		0636E5DC20037E4D005E9282 /* Products */ = {
			isa = PBXGroup;
			children = (
				0636E5DB20037E4D005E9282 /* YourWorkout.app */,
				0636E5F320037E4E005E9282 /* YourWorkoutTests.xctest */,
				0636E5FE20037E4E005E9282 /* YourWorkoutUITests.xctest */,
			);
			name = Products;
			sourceTree = "<group>";
		};
		0636E5DD20037E4D005E9282 /* YourWorkout */ = {
			isa = PBXGroup;
			children = (
				CE24ECC72020B7B200318194 /* Helpers */,
				CEA03E7F201F4A7F002F4DD5 /* YourWorkout.entitlements */,
				CEA640112018D34E00EC2F2E /* User */,
				06B3BDE92003F61B00AD5B49 /* Cells */,
				06517AB5200CAA7D00CA098A /* Food */,
				06517AB6200CAA8200CA098A /* Gym */,
				06517AB7200CBB1100CA098A /* CustomClasses */,
				CE24ECC02020B38B00318194 /* Today */,
				06517ABA200DDCCA00CA098A /* Constants */,
				CE1C0F642006151300AE430A /* Extensions */,
				0636E5E620037E4D005E9282 /* Main.storyboard */,
				06517A46200BD6BF00CA098A /* LoginVC.swift */,
				06517AA5200BEA7D00CA098A /* RegistrationVC.swift */,
				CEA03E80201F4C37002F4DD5 /* HealthKitSeupAssistant.swift */,
				06517A49200BD88500CA098A /* Keychain.swift */,
				0636E5DE20037E4D005E9282 /* AppDelegate.swift */,
				0636E5E920037E4D005E9282 /* Assets.xcassets */,
				0636E5EB20037E4D005E9282 /* LaunchScreen.storyboard */,
				0636E5EE20037E4D005E9282 /* Info.plist */,
			);
			path = YourWorkout;
			sourceTree = "<group>";
		};
		0636E5F620037E4E005E9282 /* YourWorkoutTests */ = {
			isa = PBXGroup;
			children = (
				0636E5F720037E4E005E9282 /* YourWorkoutTests.swift */,
				0636E5F920037E4E005E9282 /* Info.plist */,
			);
			path = YourWorkoutTests;
			sourceTree = "<group>";
		};
		0636E60120037E4E005E9282 /* YourWorkoutUITests */ = {
			isa = PBXGroup;
			children = (
				0636E60220037E4E005E9282 /* YourWorkoutUITests.swift */,
				0636E60420037E4E005E9282 /* Info.plist */,
			);
			path = YourWorkoutUITests;
			sourceTree = "<group>";
		};
		06517AB1200CAA4100CA098A /* Models */ = {
			isa = PBXGroup;
			children = (
				06517AAF200CAA3A00CA098A /* FoodMealModel.swift */,
				CE24ECC32020B5C500318194 /* DailyFoodSingleton.swift */,
				06917D782003879900C1F624 /* FoodModel.swift */,
				06917D7A20039A6300C1F624 /* FoodListModel.swift */,
				CE24ECC52020B70A00318194 /* UserModel.swift */,
			);
			path = Models;
			sourceTree = "<group>";
		};
		06517AB3200CAA6000CA098A /* ViewControllers */ = {
			isa = PBXGroup;
			children = (
				06517AAB200C8BF700CA098A /* FoodMenuTVC.swift */,
				CEA03E82201F60B9002F4DD5 /* StatisticsVC.swift */,
				06517AAD200CA8CE00CA098A /* FoodTodayVC.swift */,
				CEA64EDB20077A9B0002A87E /* FoodDetailsVC.swift */,
				068BF391200E0E7A006EBBAB /* JournalVC.swift */,
				CE1C0F6B2006161000AE430A /* SearchFoodVC.swift */,
			);
			path = ViewControllers;
			sourceTree = "<group>";
		};
		06517AB5200CAA7D00CA098A /* Food */ = {
			isa = PBXGroup;
			children = (
				06517AB1200CAA4100CA098A /* Models */,
				06517AB3200CAA6000CA098A /* ViewControllers */,
			);
			path = Food;
			sourceTree = "<group>";
		};
		06517AB6200CAA8200CA098A /* Gym */ = {
			isa = PBXGroup;
			children = (
				0668D3632030C9CF0036256A /* Managers */,
				0668D3612030C2680036256A /* ViewControllers */,
				0668D35E2030B65A0036256A /* Models */,
			);
			path = Gym;
			sourceTree = "<group>";
		};
		06517AB7200CBB1100CA098A /* CustomClasses */ = {
			isa = PBXGroup;
			children = (
				06517AB8200CBB2A00CA098A /* MyMDCFloatingButton.swift */,
				CE7885DF2017594B0026A640 /* MyMDCRaisedButton.swift */,
				CEB555B820298EC8004B7BC9 /* GradientView.swift */,
				CE24ECCA2021BF2F00318194 /* ActivityIndicator.swift */,
				CEA03E79201F279A002F4DD5 /* MyButton.swift */,
			);
			path = CustomClasses;
			sourceTree = "<group>";
		};
		06517ABA200DDCCA00CA098A /* Constants */ = {
			isa = PBXGroup;
			children = (
				06517ABB200DDCD900CA098A /* Network.swift */,
				CE8470C8200F329900CB7D57 /* Colors.swift */,
			);
			path = Constants;
			sourceTree = "<group>";
		};
		0668D35E2030B65A0036256A /* Models */ = {
			isa = PBXGroup;
			children = (
				0668D35F2030B6680036256A /* WorkoutModel.swift */,
			);
			path = Models;
			sourceTree = "<group>";
		};
		0668D3612030C2680036256A /* ViewControllers */ = {
			isa = PBXGroup;
			children = (
				0668D35C2030B6560036256A /* WorkoutTodayVC.swift */,
				0668D3662030D0900036256A /* SearchExercisesVC.swift */,
			);
			path = ViewControllers;
			sourceTree = "<group>";
		};
		0668D3632030C9CF0036256A /* Managers */ = {
			isa = PBXGroup;
			children = (
				0668D3642030C9E80036256A /* TodayWorkoutManager.swift */,
			);
			path = Managers;
			sourceTree = "<group>";
		};
		06B3BDE92003F61B00AD5B49 /* Cells */ = {
			isa = PBXGroup;
			children = (
				06F00CA52042A70300DC23B0 /* ForGym */,
				CE0248C2202B4CB000849AE7 /* ForTodayMenu */,
				CE04B9F02004ADA6004EABE2 /* ForFoodListVC */,
			);
			path = Cells;
			sourceTree = "<group>";
		};
		06F00CA52042A70300DC23B0 /* ForGym */ = {
			isa = PBXGroup;
			children = (
				06C0FCBF2042B6E8002022DC /* ExerciseCell.swift */,
				06C0FCC02042B6E8002022DC /* ExerciseCell.xib */,
				06F00CA62042A72700DC23B0 /* SearchExCell.swift */,
				06F00CA72042A72700DC23B0 /* SearchExCell.xib */,
			);
			path = ForGym;
			sourceTree = "<group>";
		};
		A402BD39DB26A7B52166F6DB /* Frameworks */ = {
			isa = PBXGroup;
			children = (
				CEA03E7D201F4A7F002F4DD5 /* HealthKit.framework */,
				3FFD4313F8A8B38F08246A85 /* Pods_YourWorkout.framework */,
				802B52A4CCC937F1BDA03EE4 /* Pods_YourWorkoutTests.framework */,
				562AFD5BCC8F0114693CD4A5 /* Pods_YourWorkoutUITests.framework */,
			);
			name = Frameworks;
			sourceTree = "<group>";
		};
		CE0248C2202B4CB000849AE7 /* ForTodayMenu */ = {
			isa = PBXGroup;
			children = (
				CE0248C3202B4CDE00849AE7 /* MenuItemCell.swift */,
				CE0248C4202B4CDE00849AE7 /* MenuItemCell.xib */,
			);
			path = ForTodayMenu;
			sourceTree = "<group>";
		};
		CE04B9F02004ADA6004EABE2 /* ForFoodListVC */ = {
			isa = PBXGroup;
			children = (
				CE8470CA200F4A0900CB7D57 /* TodayHeaderCell.swift */,
				CE8470CB200F4A0900CB7D57 /* TodayHeaderCell.xib */,
				06B3BDE52003F60000AD5B49 /* FoodItemCell.swift */,
				06B3BDE62003F60000AD5B49 /* FoodItemCell.xib */,
				06B3BDEA2004000D00AD5B49 /* ExpandedFoodCell.swift */,
				06B3BDEB2004000D00AD5B49 /* ExpandedFoodCell.xib */,
				CE04B9EC2004A907004EABE2 /* ExpandedDetailsCell.swift */,
				CE04B9ED2004A907004EABE2 /* ExpandedDetailsCell.xib */,
				CE1C0F6D2006292700AE430A /* CustomCell.swift */,
				CE04B9F12004B085004EABE2 /* ExpandableCellForFood.swift */,
				CE04B9F22004B085004EABE2 /* ExpandableCellForFood.xib */,
			);
			path = ForFoodListVC;
			sourceTree = "<group>";
		};
		CE1C0F642006151300AE430A /* Extensions */ = {
			isa = PBXGroup;
			children = (
				CE1C0F652006152600AE430A /* UIColor + hex.swift */,
				06517AA7200BEF4100CA098A /* ViewController + hideKeyboard.swift */,
				CE1C0F672006155500AE430A /* UIView + rotate.swift */,
				CEB555BA2029A25E004B7BC9 /* UIView + Blur.swift */,
				CE93780D202ADCD6008B2BFD /* UINavigationBar+Gradient.swift */,
				0690BE70200E448300B70259 /* SearchBar + UIColore.swift */,
				CE165A582010930F005B56C2 /* UIImage +CircleCrop.swift */,
				CEA03E7B201F3869002F4DD5 /* UIButton + setBackgroundColor.swift */,
			);
			path = Extensions;
			sourceTree = "<group>";
		};
		CE24ECC02020B38B00318194 /* Today */ = {
			isa = PBXGroup;
			children = (
				CE24ECC12020B3A200318194 /* TodayVC.swift */,
			);
			path = Today;
			sourceTree = "<group>";
		};
		CE24ECC72020B7B200318194 /* Helpers */ = {
			isa = PBXGroup;
			children = (
				CED6B0632021CFF200FD37CE /* Network */,
				CE24ECC82020B7C000318194 /* HealthKitHelper.swift */,
				06C0FCC32042BD09002022DC /* JSONSerializer.swift */,
				CE617A70202DEEF700AB328A /* AlertHelper.swift */,
			);
			path = Helpers;
			sourceTree = "<group>";
		};
		CEA640112018D34E00EC2F2E /* User */ = {
			isa = PBXGroup;
			children = (
				CEA640122018D36A00EC2F2E /* ProfileVC.swift */,
			);
			path = User;
			sourceTree = "<group>";
		};
		CED6B0632021CFF200FD37CE /* Network */ = {
			isa = PBXGroup;
			children = (
				CED6B0642021D00900FD37CE /* NetworkManager.swift */,
			);
			path = Network;
			sourceTree = "<group>";
		};
		EAA7B82F793F0E8248A8C793 /* Pods */ = {
			isa = PBXGroup;
			children = (
				68E3C4CB7BD1B9EE31F424A9 /* Pods-YourWorkout.debug.xcconfig */,
				3447CD47CCA7182E60A971B6 /* Pods-YourWorkout.release.xcconfig */,
				937950208CE6F9F2CAF10418 /* Pods-YourWorkoutTests.debug.xcconfig */,
				A1EC514A0597A50111B36FDF /* Pods-YourWorkoutTests.release.xcconfig */,
				82AD7DD7C8A0C81F43A7486B /* Pods-YourWorkoutUITests.debug.xcconfig */,
				06FA78A772DA9E2FA32D7221 /* Pods-YourWorkoutUITests.release.xcconfig */,
			);
			name = Pods;
			sourceTree = "<group>";
		};
/* End PBXGroup section */

/* Begin PBXNativeTarget section */
		0636E5DA20037E4D005E9282 /* YourWorkout */ = {
			isa = PBXNativeTarget;
			buildConfigurationList = 0636E60720037E4E005E9282 /* Build configuration list for PBXNativeTarget "YourWorkout" */;
			buildPhases = (
				CD3918D9174BDFB6AE6F209A /* [CP] Check Pods Manifest.lock */,
				0636E5D720037E4D005E9282 /* Sources */,
				0636E5D820037E4D005E9282 /* Frameworks */,
				0636E5D920037E4D005E9282 /* Resources */,
				6E8068BE0E0E28B599408681 /* [CP] Embed Pods Frameworks */,
				B746C67CF6B12438C13CB2C2 /* [CP] Copy Pods Resources */,
			);
			buildRules = (
			);
			dependencies = (
			);
			name = YourWorkout;
			productName = YourWorkout;
			productReference = 0636E5DB20037E4D005E9282 /* YourWorkout.app */;
			productType = "com.apple.product-type.application";
		};
		0636E5F220037E4E005E9282 /* YourWorkoutTests */ = {
			isa = PBXNativeTarget;
			buildConfigurationList = 0636E60A20037E4E005E9282 /* Build configuration list for PBXNativeTarget "YourWorkoutTests" */;
			buildPhases = (
				7CA5E4BC68BDC42C35CDBD1F /* [CP] Check Pods Manifest.lock */,
				0636E5EF20037E4E005E9282 /* Sources */,
				0636E5F020037E4E005E9282 /* Frameworks */,
				0636E5F120037E4E005E9282 /* Resources */,
				43DE728F3B43254E7AAB6CE0 /* [CP] Embed Pods Frameworks */,
				7F1E16DCABC67A40E49BE21A /* [CP] Copy Pods Resources */,
			);
			buildRules = (
			);
			dependencies = (
				0636E5F520037E4E005E9282 /* PBXTargetDependency */,
			);
			name = YourWorkoutTests;
			productName = YourWorkoutTests;
			productReference = 0636E5F320037E4E005E9282 /* YourWorkoutTests.xctest */;
			productType = "com.apple.product-type.bundle.unit-test";
		};
		0636E5FD20037E4E005E9282 /* YourWorkoutUITests */ = {
			isa = PBXNativeTarget;
			buildConfigurationList = 0636E60D20037E4E005E9282 /* Build configuration list for PBXNativeTarget "YourWorkoutUITests" */;
			buildPhases = (
				68C19D6F4708B3D44B8A7B6A /* [CP] Check Pods Manifest.lock */,
				0636E5FA20037E4E005E9282 /* Sources */,
				0636E5FB20037E4E005E9282 /* Frameworks */,
				0636E5FC20037E4E005E9282 /* Resources */,
				1C6A4D8A4D0A31D0D4CD9945 /* [CP] Embed Pods Frameworks */,
				6FBAFFD0DDDC2625FB405C50 /* [CP] Copy Pods Resources */,
			);
			buildRules = (
			);
			dependencies = (
				0636E60020037E4E005E9282 /* PBXTargetDependency */,
			);
			name = YourWorkoutUITests;
			productName = YourWorkoutUITests;
			productReference = 0636E5FE20037E4E005E9282 /* YourWorkoutUITests.xctest */;
			productType = "com.apple.product-type.bundle.ui-testing";
		};
/* End PBXNativeTarget section */

/* Begin PBXProject section */
		0636E5D320037E4D005E9282 /* Project object */ = {
			isa = PBXProject;
			attributes = {
				LastSwiftUpdateCheck = 0910;
				LastUpgradeCheck = 0910;
				ORGANIZATIONNAME = "Артём Балашов";
				TargetAttributes = {
					0636E5DA20037E4D005E9282 = {
						CreatedOnToolsVersion = 9.1;
						ProvisioningStyle = Automatic;
						SystemCapabilities = {
							com.apple.HealthKit = {
								enabled = 1;
							};
						};
					};
					0636E5F220037E4E005E9282 = {
						CreatedOnToolsVersion = 9.1;
						ProvisioningStyle = Automatic;
						TestTargetID = 0636E5DA20037E4D005E9282;
					};
					0636E5FD20037E4E005E9282 = {
						CreatedOnToolsVersion = 9.1;
						ProvisioningStyle = Automatic;
						TestTargetID = 0636E5DA20037E4D005E9282;
					};
				};
			};
			buildConfigurationList = 0636E5D620037E4D005E9282 /* Build configuration list for PBXProject "YourWorkout" */;
			compatibilityVersion = "Xcode 8.0";
			developmentRegion = en;
			hasScannedForEncodings = 0;
			knownRegions = (
				en,
				Base,
			);
			mainGroup = 0636E5D220037E4D005E9282;
			productRefGroup = 0636E5DC20037E4D005E9282 /* Products */;
			projectDirPath = "";
			projectRoot = "";
			targets = (
				0636E5DA20037E4D005E9282 /* YourWorkout */,
				0636E5F220037E4E005E9282 /* YourWorkoutTests */,
				0636E5FD20037E4E005E9282 /* YourWorkoutUITests */,
			);
		};
/* End PBXProject section */

/* Begin PBXResourcesBuildPhase section */
		0636E5D920037E4D005E9282 /* Resources */ = {
			isa = PBXResourcesBuildPhase;
			buildActionMask = 2147483647;
			files = (
				06B3BDE82003F60000AD5B49 /* FoodItemCell.xib in Resources */,
				0636E5ED20037E4D005E9282 /* LaunchScreen.storyboard in Resources */,
				06F00CA92042A72700DC23B0 /* SearchExCell.xib in Resources */,
				06B3BDED2004000D00AD5B49 /* ExpandedFoodCell.xib in Resources */,
				0636E5EA20037E4D005E9282 /* Assets.xcassets in Resources */,
				CE0248C6202B4CDE00849AE7 /* MenuItemCell.xib in Resources */,
				0636E5E820037E4D005E9282 /* Main.storyboard in Resources */,
				CE04B9EF2004A908004EABE2 /* ExpandedDetailsCell.xib in Resources */,
				CE8470CD200F4A0900CB7D57 /* TodayHeaderCell.xib in Resources */,
				CE04B9F42004B085004EABE2 /* ExpandableCellForFood.xib in Resources */,
				06C0FCC22042B6E8002022DC /* ExerciseCell.xib in Resources */,
			);
			runOnlyForDeploymentPostprocessing = 0;
		};
		0636E5F120037E4E005E9282 /* Resources */ = {
			isa = PBXResourcesBuildPhase;
			buildActionMask = 2147483647;
			files = (
			);
			runOnlyForDeploymentPostprocessing = 0;
		};
		0636E5FC20037E4E005E9282 /* Resources */ = {
			isa = PBXResourcesBuildPhase;
			buildActionMask = 2147483647;
			files = (
			);
			runOnlyForDeploymentPostprocessing = 0;
		};
/* End PBXResourcesBuildPhase section */

/* Begin PBXShellScriptBuildPhase section */
		1C6A4D8A4D0A31D0D4CD9945 /* [CP] Embed Pods Frameworks */ = {
			isa = PBXShellScriptBuildPhase;
			buildActionMask = 2147483647;
			files = (
			);
			inputPaths = (
			);
			name = "[CP] Embed Pods Frameworks";
			outputPaths = (
			);
			runOnlyForDeploymentPostprocessing = 0;
			shellPath = /bin/sh;
			shellScript = "\"${SRCROOT}/Pods/Target Support Files/Pods-YourWorkoutUITests/Pods-YourWorkoutUITests-frameworks.sh\"\n";
			showEnvVarsInLog = 0;
		};
		43DE728F3B43254E7AAB6CE0 /* [CP] Embed Pods Frameworks */ = {
			isa = PBXShellScriptBuildPhase;
			buildActionMask = 2147483647;
			files = (
			);
			inputPaths = (
			);
			name = "[CP] Embed Pods Frameworks";
			outputPaths = (
			);
			runOnlyForDeploymentPostprocessing = 0;
			shellPath = /bin/sh;
			shellScript = "\"${SRCROOT}/Pods/Target Support Files/Pods-YourWorkoutTests/Pods-YourWorkoutTests-frameworks.sh\"\n";
			showEnvVarsInLog = 0;
		};
		68C19D6F4708B3D44B8A7B6A /* [CP] Check Pods Manifest.lock */ = {
			isa = PBXShellScriptBuildPhase;
			buildActionMask = 2147483647;
			files = (
			);
			inputPaths = (
				"${PODS_PODFILE_DIR_PATH}/Podfile.lock",
				"${PODS_ROOT}/Manifest.lock",
			);
			name = "[CP] Check Pods Manifest.lock";
			outputPaths = (
				"$(DERIVED_FILE_DIR)/Pods-YourWorkoutUITests-checkManifestLockResult.txt",
			);
			runOnlyForDeploymentPostprocessing = 0;
			shellPath = /bin/sh;
			shellScript = "diff \"${PODS_PODFILE_DIR_PATH}/Podfile.lock\" \"${PODS_ROOT}/Manifest.lock\" > /dev/null\nif [ $? != 0 ] ; then\n    # print error to STDERR\n    echo \"error: The sandbox is not in sync with the Podfile.lock. Run 'pod install' or update your CocoaPods installation.\" >&2\n    exit 1\nfi\n# This output is used by Xcode 'outputs' to avoid re-running this script phase.\necho \"SUCCESS\" > \"${SCRIPT_OUTPUT_FILE_0}\"\n";
			showEnvVarsInLog = 0;
		};
		6E8068BE0E0E28B599408681 /* [CP] Embed Pods Frameworks */ = {
			isa = PBXShellScriptBuildPhase;
			buildActionMask = 2147483647;
			files = (
			);
			inputPaths = (
				"${SRCROOT}/Pods/Target Support Files/Pods-YourWorkout/Pods-YourWorkout-frameworks.sh",
				"${BUILT_PRODUCTS_DIR}/Alamofire/Alamofire.framework",
				"${BUILT_PRODUCTS_DIR}/CVCalendar/CVCalendar.framework",
				"${BUILT_PRODUCTS_DIR}/CollapsibleTableSectionViewController/CollapsibleTableSectionViewController.framework",
				"${BUILT_PRODUCTS_DIR}/ExpandableCell/ExpandableCell.framework",
				"${BUILT_PRODUCTS_DIR}/MDFInternationalization/MDFInternationalization.framework",
				"${BUILT_PRODUCTS_DIR}/MDFTextAccessibility/MDFTextAccessibility.framework",
				"${BUILT_PRODUCTS_DIR}/MaterialComponents/MaterialComponents.framework",
				"${BUILT_PRODUCTS_DIR}/RxCocoa/RxCocoa.framework",
				"${BUILT_PRODUCTS_DIR}/RxSwift/RxSwift.framework",
				"${BUILT_PRODUCTS_DIR}/SwiftyJSON/SwiftyJSON.framework",
				"${BUILT_PRODUCTS_DIR}/ValueStepper/ValueStepper.framework",
			);
			name = "[CP] Embed Pods Frameworks";
			outputPaths = (
				"${TARGET_BUILD_DIR}/${FRAMEWORKS_FOLDER_PATH}/Alamofire.framework",
				"${TARGET_BUILD_DIR}/${FRAMEWORKS_FOLDER_PATH}/CVCalendar.framework",
				"${TARGET_BUILD_DIR}/${FRAMEWORKS_FOLDER_PATH}/CollapsibleTableSectionViewController.framework",
				"${TARGET_BUILD_DIR}/${FRAMEWORKS_FOLDER_PATH}/ExpandableCell.framework",
				"${TARGET_BUILD_DIR}/${FRAMEWORKS_FOLDER_PATH}/MDFInternationalization.framework",
				"${TARGET_BUILD_DIR}/${FRAMEWORKS_FOLDER_PATH}/MDFTextAccessibility.framework",
				"${TARGET_BUILD_DIR}/${FRAMEWORKS_FOLDER_PATH}/MaterialComponents.framework",
				"${TARGET_BUILD_DIR}/${FRAMEWORKS_FOLDER_PATH}/RxCocoa.framework",
				"${TARGET_BUILD_DIR}/${FRAMEWORKS_FOLDER_PATH}/RxSwift.framework",
				"${TARGET_BUILD_DIR}/${FRAMEWORKS_FOLDER_PATH}/SwiftyJSON.framework",
				"${TARGET_BUILD_DIR}/${FRAMEWORKS_FOLDER_PATH}/ValueStepper.framework",
			);
			runOnlyForDeploymentPostprocessing = 0;
			shellPath = /bin/sh;
			shellScript = "\"${SRCROOT}/Pods/Target Support Files/Pods-YourWorkout/Pods-YourWorkout-frameworks.sh\"\n";
			showEnvVarsInLog = 0;
		};
		6FBAFFD0DDDC2625FB405C50 /* [CP] Copy Pods Resources */ = {
			isa = PBXShellScriptBuildPhase;
			buildActionMask = 2147483647;
			files = (
			);
			inputPaths = (
			);
			name = "[CP] Copy Pods Resources";
			outputPaths = (
			);
			runOnlyForDeploymentPostprocessing = 0;
			shellPath = /bin/sh;
			shellScript = "\"${SRCROOT}/Pods/Target Support Files/Pods-YourWorkoutUITests/Pods-YourWorkoutUITests-resources.sh\"\n";
			showEnvVarsInLog = 0;
		};
		7CA5E4BC68BDC42C35CDBD1F /* [CP] Check Pods Manifest.lock */ = {
			isa = PBXShellScriptBuildPhase;
			buildActionMask = 2147483647;
			files = (
			);
			inputPaths = (
				"${PODS_PODFILE_DIR_PATH}/Podfile.lock",
				"${PODS_ROOT}/Manifest.lock",
			);
			name = "[CP] Check Pods Manifest.lock";
			outputPaths = (
				"$(DERIVED_FILE_DIR)/Pods-YourWorkoutTests-checkManifestLockResult.txt",
			);
			runOnlyForDeploymentPostprocessing = 0;
			shellPath = /bin/sh;
			shellScript = "diff \"${PODS_PODFILE_DIR_PATH}/Podfile.lock\" \"${PODS_ROOT}/Manifest.lock\" > /dev/null\nif [ $? != 0 ] ; then\n    # print error to STDERR\n    echo \"error: The sandbox is not in sync with the Podfile.lock. Run 'pod install' or update your CocoaPods installation.\" >&2\n    exit 1\nfi\n# This output is used by Xcode 'outputs' to avoid re-running this script phase.\necho \"SUCCESS\" > \"${SCRIPT_OUTPUT_FILE_0}\"\n";
			showEnvVarsInLog = 0;
		};
		7F1E16DCABC67A40E49BE21A /* [CP] Copy Pods Resources */ = {
			isa = PBXShellScriptBuildPhase;
			buildActionMask = 2147483647;
			files = (
			);
			inputPaths = (
			);
			name = "[CP] Copy Pods Resources";
			outputPaths = (
			);
			runOnlyForDeploymentPostprocessing = 0;
			shellPath = /bin/sh;
			shellScript = "\"${SRCROOT}/Pods/Target Support Files/Pods-YourWorkoutTests/Pods-YourWorkoutTests-resources.sh\"\n";
			showEnvVarsInLog = 0;
		};
		B746C67CF6B12438C13CB2C2 /* [CP] Copy Pods Resources */ = {
			isa = PBXShellScriptBuildPhase;
			buildActionMask = 2147483647;
			files = (
			);
			inputPaths = (
			);
			name = "[CP] Copy Pods Resources";
			outputPaths = (
			);
			runOnlyForDeploymentPostprocessing = 0;
			shellPath = /bin/sh;
			shellScript = "\"${SRCROOT}/Pods/Target Support Files/Pods-YourWorkout/Pods-YourWorkout-resources.sh\"\n";
			showEnvVarsInLog = 0;
		};
		CD3918D9174BDFB6AE6F209A /* [CP] Check Pods Manifest.lock */ = {
			isa = PBXShellScriptBuildPhase;
			buildActionMask = 2147483647;
			files = (
			);
			inputPaths = (
				"${PODS_PODFILE_DIR_PATH}/Podfile.lock",
				"${PODS_ROOT}/Manifest.lock",
			);
			name = "[CP] Check Pods Manifest.lock";
			outputPaths = (
				"$(DERIVED_FILE_DIR)/Pods-YourWorkout-checkManifestLockResult.txt",
			);
			runOnlyForDeploymentPostprocessing = 0;
			shellPath = /bin/sh;
			shellScript = "diff \"${PODS_PODFILE_DIR_PATH}/Podfile.lock\" \"${PODS_ROOT}/Manifest.lock\" > /dev/null\nif [ $? != 0 ] ; then\n    # print error to STDERR\n    echo \"error: The sandbox is not in sync with the Podfile.lock. Run 'pod install' or update your CocoaPods installation.\" >&2\n    exit 1\nfi\n# This output is used by Xcode 'outputs' to avoid re-running this script phase.\necho \"SUCCESS\" > \"${SCRIPT_OUTPUT_FILE_0}\"\n";
			showEnvVarsInLog = 0;
		};
/* End PBXShellScriptBuildPhase section */

/* Begin PBXSourcesBuildPhase section */
		0636E5D720037E4D005E9282 /* Sources */ = {
			isa = PBXSourcesBuildPhase;
			buildActionMask = 2147483647;
			files = (
				CED6B0652021D00900FD37CE /* NetworkManager.swift in Sources */,
				CE617A71202DEEF700AB328A /* AlertHelper.swift in Sources */,
				CE24ECCB2021BF2F00318194 /* ActivityIndicator.swift in Sources */,
				0636E5DF20037E4D005E9282 /* AppDelegate.swift in Sources */,
				CEA03E7A201F279A002F4DD5 /* MyButton.swift in Sources */,
				CE8470C9200F329900CB7D57 /* Colors.swift in Sources */,
				CE04B9F32004B085004EABE2 /* ExpandableCellForFood.swift in Sources */,
				CEA03E7C201F3869002F4DD5 /* UIButton + setBackgroundColor.swift in Sources */,
				CEB555BB2029A25E004B7BC9 /* UIView + Blur.swift in Sources */,
				CE1C0F6C2006161000AE430A /* SearchFoodVC.swift in Sources */,
				CE04B9EE2004A907004EABE2 /* ExpandedDetailsCell.swift in Sources */,
				06517AAC200C8BF700CA098A /* FoodMenuTVC.swift in Sources */,
				CE24ECC62020B70A00318194 /* UserModel.swift in Sources */,
				CE165A592010930F005B56C2 /* UIImage +CircleCrop.swift in Sources */,
				06517ABC200DDCD900CA098A /* Network.swift in Sources */,
				06C0FCC42042BD09002022DC /* JSONSerializer.swift in Sources */,
				06917D792003879900C1F624 /* FoodModel.swift in Sources */,
				0668D3602030B6680036256A /* WorkoutModel.swift in Sources */,
				06B3BDE72003F60000AD5B49 /* FoodItemCell.swift in Sources */,
				06517AB9200CBB2A00CA098A /* MyMDCFloatingButton.swift in Sources */,
				06C0FCC12042B6E8002022DC /* ExerciseCell.swift in Sources */,
				06B3BDEC2004000D00AD5B49 /* ExpandedFoodCell.swift in Sources */,
				06517AAE200CA8CE00CA098A /* FoodTodayVC.swift in Sources */,
				CE24ECC22020B3A200318194 /* TodayVC.swift in Sources */,
				CE1C0F662006152600AE430A /* UIColor + hex.swift in Sources */,
				0668D3672030D0900036256A /* SearchExercisesVC.swift in Sources */,
				0668D3652030C9E80036256A /* TodayWorkoutManager.swift in Sources */,
				06917D7B20039A6300C1F624 /* FoodListModel.swift in Sources */,
				CEA03E83201F60B9002F4DD5 /* StatisticsVC.swift in Sources */,
				CE7885E02017594B0026A640 /* MyMDCRaisedButton.swift in Sources */,
				CEB555B920298EC8004B7BC9 /* GradientView.swift in Sources */,
				CEA640132018D36A00EC2F2E /* ProfileVC.swift in Sources */,
				CE24ECC42020B5C500318194 /* DailyFoodSingleton.swift in Sources */,
				06517AB0200CAA3A00CA098A /* FoodMealModel.swift in Sources */,
				06F00CA82042A72700DC23B0 /* SearchExCell.swift in Sources */,
				CE24ECC92020B7C000318194 /* HealthKitHelper.swift in Sources */,
				06517A47200BD6BF00CA098A /* LoginVC.swift in Sources */,
				CE93780E202ADCD6008B2BFD /* UINavigationBar+Gradient.swift in Sources */,
				0668D35D2030B6560036256A /* WorkoutTodayVC.swift in Sources */,
				CEA64EDC20077A9B0002A87E /* FoodDetailsVC.swift in Sources */,
				06517AA8200BEF4200CA098A /* ViewController + hideKeyboard.swift in Sources */,
				CE1C0F6E2006292700AE430A /* CustomCell.swift in Sources */,
				068BF392200E0E7A006EBBAB /* JournalVC.swift in Sources */,
				CE1C0F682006155500AE430A /* UIView + rotate.swift in Sources */,
				06517AA6200BEA7D00CA098A /* RegistrationVC.swift in Sources */,
				CEA03E81201F4C37002F4DD5 /* HealthKitSeupAssistant.swift in Sources */,
				CE8470CC200F4A0900CB7D57 /* TodayHeaderCell.swift in Sources */,
				CE0248C5202B4CDE00849AE7 /* MenuItemCell.swift in Sources */,
				0690BE71200E448300B70259 /* SearchBar + UIColore.swift in Sources */,
				06517A4B200BD88600CA098A /* Keychain.swift in Sources */,
			);
			runOnlyForDeploymentPostprocessing = 0;
		};
		0636E5EF20037E4E005E9282 /* Sources */ = {
			isa = PBXSourcesBuildPhase;
			buildActionMask = 2147483647;
			files = (
				0636E5F820037E4E005E9282 /* YourWorkoutTests.swift in Sources */,
			);
			runOnlyForDeploymentPostprocessing = 0;
		};
		0636E5FA20037E4E005E9282 /* Sources */ = {
			isa = PBXSourcesBuildPhase;
			buildActionMask = 2147483647;
			files = (
				0636E60320037E4E005E9282 /* YourWorkoutUITests.swift in Sources */,
			);
			runOnlyForDeploymentPostprocessing = 0;
		};
/* End PBXSourcesBuildPhase section */

/* Begin PBXTargetDependency section */
		0636E5F520037E4E005E9282 /* PBXTargetDependency */ = {
			isa = PBXTargetDependency;
			target = 0636E5DA20037E4D005E9282 /* YourWorkout */;
			targetProxy = 0636E5F420037E4E005E9282 /* PBXContainerItemProxy */;
		};
		0636E60020037E4E005E9282 /* PBXTargetDependency */ = {
			isa = PBXTargetDependency;
			target = 0636E5DA20037E4D005E9282 /* YourWorkout */;
			targetProxy = 0636E5FF20037E4E005E9282 /* PBXContainerItemProxy */;
		};
/* End PBXTargetDependency section */

/* Begin PBXVariantGroup section */
		0636E5E620037E4D005E9282 /* Main.storyboard */ = {
			isa = PBXVariantGroup;
			children = (
				0636E5E720037E4D005E9282 /* Base */,
			);
			name = Main.storyboard;
			sourceTree = "<group>";
		};
		0636E5EB20037E4D005E9282 /* LaunchScreen.storyboard */ = {
			isa = PBXVariantGroup;
			children = (
				0636E5EC20037E4D005E9282 /* Base */,
			);
			name = LaunchScreen.storyboard;
			sourceTree = "<group>";
		};
/* End PBXVariantGroup section */

/* Begin XCBuildConfiguration section */
		0636E60520037E4E005E9282 /* Debug */ = {
			isa = XCBuildConfiguration;
			buildSettings = {
				ALWAYS_SEARCH_USER_PATHS = NO;
				CLANG_ANALYZER_NONNULL = YES;
				CLANG_ANALYZER_NUMBER_OBJECT_CONVERSION = YES_AGGRESSIVE;
				CLANG_CXX_LANGUAGE_STANDARD = "gnu++14";
				CLANG_CXX_LIBRARY = "libc++";
				CLANG_ENABLE_MODULES = YES;
				CLANG_ENABLE_OBJC_ARC = YES;
				CLANG_WARN_BLOCK_CAPTURE_AUTORELEASING = YES;
				CLANG_WARN_BOOL_CONVERSION = YES;
				CLANG_WARN_COMMA = YES;
				CLANG_WARN_CONSTANT_CONVERSION = YES;
				CLANG_WARN_DIRECT_OBJC_ISA_USAGE = YES_ERROR;
				CLANG_WARN_DOCUMENTATION_COMMENTS = YES;
				CLANG_WARN_EMPTY_BODY = YES;
				CLANG_WARN_ENUM_CONVERSION = YES;
				CLANG_WARN_INFINITE_RECURSION = YES;
				CLANG_WARN_INT_CONVERSION = YES;
				CLANG_WARN_NON_LITERAL_NULL_CONVERSION = YES;
				CLANG_WARN_OBJC_LITERAL_CONVERSION = YES;
				CLANG_WARN_OBJC_ROOT_CLASS = YES_ERROR;
				CLANG_WARN_RANGE_LOOP_ANALYSIS = YES;
				CLANG_WARN_STRICT_PROTOTYPES = YES;
				CLANG_WARN_SUSPICIOUS_MOVE = YES;
				CLANG_WARN_UNGUARDED_AVAILABILITY = YES_AGGRESSIVE;
				CLANG_WARN_UNREACHABLE_CODE = YES;
				CLANG_WARN__DUPLICATE_METHOD_MATCH = YES;
				CODE_SIGN_IDENTITY = "iPhone Developer";
				COPY_PHASE_STRIP = NO;
				DEBUG_INFORMATION_FORMAT = dwarf;
				ENABLE_STRICT_OBJC_MSGSEND = YES;
				ENABLE_TESTABILITY = YES;
				GCC_C_LANGUAGE_STANDARD = gnu11;
				GCC_DYNAMIC_NO_PIC = NO;
				GCC_NO_COMMON_BLOCKS = YES;
				GCC_OPTIMIZATION_LEVEL = 0;
				GCC_PREPROCESSOR_DEFINITIONS = (
					"DEBUG=1",
					"$(inherited)",
				);
				GCC_WARN_64_TO_32_BIT_CONVERSION = YES;
				GCC_WARN_ABOUT_RETURN_TYPE = YES_ERROR;
				GCC_WARN_UNDECLARED_SELECTOR = YES;
				GCC_WARN_UNINITIALIZED_AUTOS = YES_AGGRESSIVE;
				GCC_WARN_UNUSED_FUNCTION = YES;
				GCC_WARN_UNUSED_VARIABLE = YES;
				IPHONEOS_DEPLOYMENT_TARGET = 11.1;
				MTL_ENABLE_DEBUG_INFO = YES;
				ONLY_ACTIVE_ARCH = YES;
				SDKROOT = iphoneos;
				SWIFT_ACTIVE_COMPILATION_CONDITIONS = DEBUG;
				SWIFT_OPTIMIZATION_LEVEL = "-Onone";
			};
			name = Debug;
		};
		0636E60620037E4E005E9282 /* Release */ = {
			isa = XCBuildConfiguration;
			buildSettings = {
				ALWAYS_SEARCH_USER_PATHS = NO;
				CLANG_ANALYZER_NONNULL = YES;
				CLANG_ANALYZER_NUMBER_OBJECT_CONVERSION = YES_AGGRESSIVE;
				CLANG_CXX_LANGUAGE_STANDARD = "gnu++14";
				CLANG_CXX_LIBRARY = "libc++";
				CLANG_ENABLE_MODULES = YES;
				CLANG_ENABLE_OBJC_ARC = YES;
				CLANG_WARN_BLOCK_CAPTURE_AUTORELEASING = YES;
				CLANG_WARN_BOOL_CONVERSION = YES;
				CLANG_WARN_COMMA = YES;
				CLANG_WARN_CONSTANT_CONVERSION = YES;
				CLANG_WARN_DIRECT_OBJC_ISA_USAGE = YES_ERROR;
				CLANG_WARN_DOCUMENTATION_COMMENTS = YES;
				CLANG_WARN_EMPTY_BODY = YES;
				CLANG_WARN_ENUM_CONVERSION = YES;
				CLANG_WARN_INFINITE_RECURSION = YES;
				CLANG_WARN_INT_CONVERSION = YES;
				CLANG_WARN_NON_LITERAL_NULL_CONVERSION = YES;
				CLANG_WARN_OBJC_LITERAL_CONVERSION = YES;
				CLANG_WARN_OBJC_ROOT_CLASS = YES_ERROR;
				CLANG_WARN_RANGE_LOOP_ANALYSIS = YES;
				CLANG_WARN_STRICT_PROTOTYPES = YES;
				CLANG_WARN_SUSPICIOUS_MOVE = YES;
				CLANG_WARN_UNGUARDED_AVAILABILITY = YES_AGGRESSIVE;
				CLANG_WARN_UNREACHABLE_CODE = YES;
				CLANG_WARN__DUPLICATE_METHOD_MATCH = YES;
				CODE_SIGN_IDENTITY = "iPhone Developer";
				COPY_PHASE_STRIP = NO;
				DEBUG_INFORMATION_FORMAT = "dwarf-with-dsym";
				ENABLE_NS_ASSERTIONS = NO;
				ENABLE_STRICT_OBJC_MSGSEND = YES;
				GCC_C_LANGUAGE_STANDARD = gnu11;
				GCC_NO_COMMON_BLOCKS = YES;
				GCC_WARN_64_TO_32_BIT_CONVERSION = YES;
				GCC_WARN_ABOUT_RETURN_TYPE = YES_ERROR;
				GCC_WARN_UNDECLARED_SELECTOR = YES;
				GCC_WARN_UNINITIALIZED_AUTOS = YES_AGGRESSIVE;
				GCC_WARN_UNUSED_FUNCTION = YES;
				GCC_WARN_UNUSED_VARIABLE = YES;
				IPHONEOS_DEPLOYMENT_TARGET = 11.1;
				MTL_ENABLE_DEBUG_INFO = NO;
				SDKROOT = iphoneos;
				SWIFT_OPTIMIZATION_LEVEL = "-Owholemodule";
				VALIDATE_PRODUCT = YES;
			};
			name = Release;
		};
		0636E60820037E4E005E9282 /* Debug */ = {
			isa = XCBuildConfiguration;
			baseConfigurationReference = 68E3C4CB7BD1B9EE31F424A9 /* Pods-YourWorkout.debug.xcconfig */;
			buildSettings = {
				ASSETCATALOG_COMPILER_APPICON_NAME = AppIcon;
				CODE_SIGN_ENTITLEMENTS = YourWorkout/YourWorkout.entitlements;
				CODE_SIGN_STYLE = Automatic;
				DEVELOPMENT_TEAM = 54X9L274YP;
				INFOPLIST_FILE = YourWorkout/Info.plist;
				IPHONEOS_DEPLOYMENT_TARGET = 11.0;
				LD_RUNPATH_SEARCH_PATHS = "$(inherited) @executable_path/Frameworks";
				PRODUCT_BUNDLE_IDENTIFIER = com.pockerhead.YourWorkout;
				PRODUCT_NAME = "$(TARGET_NAME)";
				SWIFT_VERSION = 3.0;
				TARGETED_DEVICE_FAMILY = "1,2";
			};
			name = Debug;
		};
		0636E60920037E4E005E9282 /* Release */ = {
			isa = XCBuildConfiguration;
			baseConfigurationReference = 3447CD47CCA7182E60A971B6 /* Pods-YourWorkout.release.xcconfig */;
			buildSettings = {
				ASSETCATALOG_COMPILER_APPICON_NAME = AppIcon;
				CODE_SIGN_ENTITLEMENTS = YourWorkout/YourWorkout.entitlements;
				CODE_SIGN_STYLE = Automatic;
				DEVELOPMENT_TEAM = 54X9L274YP;
				INFOPLIST_FILE = YourWorkout/Info.plist;
				IPHONEOS_DEPLOYMENT_TARGET = 11.0;
				LD_RUNPATH_SEARCH_PATHS = "$(inherited) @executable_path/Frameworks";
				PRODUCT_BUNDLE_IDENTIFIER = com.pockerhead.YourWorkout;
				PRODUCT_NAME = "$(TARGET_NAME)";
				SWIFT_VERSION = 3.0;
				TARGETED_DEVICE_FAMILY = "1,2";
			};
			name = Release;
		};
		0636E60B20037E4E005E9282 /* Debug */ = {
			isa = XCBuildConfiguration;
			baseConfigurationReference = 937950208CE6F9F2CAF10418 /* Pods-YourWorkoutTests.debug.xcconfig */;
			buildSettings = {
				ALWAYS_EMBED_SWIFT_STANDARD_LIBRARIES = YES;
				BUNDLE_LOADER = "$(TEST_HOST)";
				CODE_SIGN_STYLE = Automatic;
				DEVELOPMENT_TEAM = 54X9L274YP;
				INFOPLIST_FILE = YourWorkoutTests/Info.plist;
				LD_RUNPATH_SEARCH_PATHS = "$(inherited) @executable_path/Frameworks @loader_path/Frameworks";
				PRODUCT_BUNDLE_IDENTIFIER = com.pockerhead.YourWorkoutTests;
				PRODUCT_NAME = "$(TARGET_NAME)";
				SWIFT_VERSION = 4.0;
				TARGETED_DEVICE_FAMILY = "1,2";
				TEST_HOST = "$(BUILT_PRODUCTS_DIR)/YourWorkout.app/YourWorkout";
			};
			name = Debug;
		};
		0636E60C20037E4E005E9282 /* Release */ = {
			isa = XCBuildConfiguration;
			baseConfigurationReference = A1EC514A0597A50111B36FDF /* Pods-YourWorkoutTests.release.xcconfig */;
			buildSettings = {
				ALWAYS_EMBED_SWIFT_STANDARD_LIBRARIES = YES;
				BUNDLE_LOADER = "$(TEST_HOST)";
				CODE_SIGN_STYLE = Automatic;
				DEVELOPMENT_TEAM = 54X9L274YP;
				INFOPLIST_FILE = YourWorkoutTests/Info.plist;
				LD_RUNPATH_SEARCH_PATHS = "$(inherited) @executable_path/Frameworks @loader_path/Frameworks";
				PRODUCT_BUNDLE_IDENTIFIER = com.pockerhead.YourWorkoutTests;
				PRODUCT_NAME = "$(TARGET_NAME)";
				SWIFT_VERSION = 4.0;
				TARGETED_DEVICE_FAMILY = "1,2";
				TEST_HOST = "$(BUILT_PRODUCTS_DIR)/YourWorkout.app/YourWorkout";
			};
			name = Release;
		};
		0636E60E20037E4E005E9282 /* Debug */ = {
			isa = XCBuildConfiguration;
			baseConfigurationReference = 82AD7DD7C8A0C81F43A7486B /* Pods-YourWorkoutUITests.debug.xcconfig */;
			buildSettings = {
				ALWAYS_EMBED_SWIFT_STANDARD_LIBRARIES = YES;
				CODE_SIGN_STYLE = Automatic;
				DEVELOPMENT_TEAM = 54X9L274YP;
				INFOPLIST_FILE = YourWorkoutUITests/Info.plist;
				LD_RUNPATH_SEARCH_PATHS = "$(inherited) @executable_path/Frameworks @loader_path/Frameworks";
				PRODUCT_BUNDLE_IDENTIFIER = com.pockerhead.YourWorkoutUITests;
				PRODUCT_NAME = "$(TARGET_NAME)";
				SWIFT_VERSION = 4.0;
				TARGETED_DEVICE_FAMILY = "1,2";
				TEST_TARGET_NAME = YourWorkout;
			};
			name = Debug;
		};
		0636E60F20037E4E005E9282 /* Release */ = {
			isa = XCBuildConfiguration;
			baseConfigurationReference = 06FA78A772DA9E2FA32D7221 /* Pods-YourWorkoutUITests.release.xcconfig */;
			buildSettings = {
				ALWAYS_EMBED_SWIFT_STANDARD_LIBRARIES = YES;
				CODE_SIGN_STYLE = Automatic;
				DEVELOPMENT_TEAM = 54X9L274YP;
				INFOPLIST_FILE = YourWorkoutUITests/Info.plist;
				LD_RUNPATH_SEARCH_PATHS = "$(inherited) @executable_path/Frameworks @loader_path/Frameworks";
				PRODUCT_BUNDLE_IDENTIFIER = com.pockerhead.YourWorkoutUITests;
				PRODUCT_NAME = "$(TARGET_NAME)";
				SWIFT_VERSION = 4.0;
				TARGETED_DEVICE_FAMILY = "1,2";
				TEST_TARGET_NAME = YourWorkout;
			};
			name = Release;
		};
/* End XCBuildConfiguration section */

/* Begin XCConfigurationList section */
		0636E5D620037E4D005E9282 /* Build configuration list for PBXProject "YourWorkout" */ = {
			isa = XCConfigurationList;
			buildConfigurations = (
				0636E60520037E4E005E9282 /* Debug */,
				0636E60620037E4E005E9282 /* Release */,
			);
			defaultConfigurationIsVisible = 0;
			defaultConfigurationName = Release;
		};
		0636E60720037E4E005E9282 /* Build configuration list for PBXNativeTarget "YourWorkout" */ = {
			isa = XCConfigurationList;
			buildConfigurations = (
				0636E60820037E4E005E9282 /* Debug */,
				0636E60920037E4E005E9282 /* Release */,
			);
			defaultConfigurationIsVisible = 0;
			defaultConfigurationName = Release;
		};
		0636E60A20037E4E005E9282 /* Build configuration list for PBXNativeTarget "YourWorkoutTests" */ = {
			isa = XCConfigurationList;
			buildConfigurations = (
				0636E60B20037E4E005E9282 /* Debug */,
				0636E60C20037E4E005E9282 /* Release */,
			);
			defaultConfigurationIsVisible = 0;
			defaultConfigurationName = Release;
		};
		0636E60D20037E4E005E9282 /* Build configuration list for PBXNativeTarget "YourWorkoutUITests" */ = {
			isa = XCConfigurationList;
			buildConfigurations = (
				0636E60E20037E4E005E9282 /* Debug */,
				0636E60F20037E4E005E9282 /* Release */,
			);
			defaultConfigurationIsVisible = 0;
			defaultConfigurationName = Release;
		};
/* End XCConfigurationList section */
	};
	rootObject = 0636E5D320037E4D005E9282 /* Project object */;
}
